{
  "version": 4,
  "terraform_version": "0.15.0",
  "serial": 7,
  "lineage": "cd182aa2-5f86-faa4-6aae-68a3674e65a6",
  "outputs": {
    "eks_arn": {
      "value": "arn:aws:eks:us-west-2:010332150590:cluster/eks-RISE-SANDBOX",
      "type": "string"
    },
    "eks_status": {
      "value": "ACTIVE",
      "type": "string"
    }
  },
  "resources": [
    {
      "mode": "data",
      "type": "aws_iam_role",
      "name": "eksNodeRole",
      "provider": "provider[\"registry.terraform.io/hashicorp/aws\"]",
      "instances": [
        {
          "schema_version": 0,
          "attributes": {
            "arn": "arn:aws:iam::010332150590:role/EKSWorkerNodeRole",
            "assume_role_policy": "{\"Version\":\"2012-10-17\",\"Statement\":[{\"Effect\":\"Allow\",\"Principal\":{\"Service\":\"ec2.amazonaws.com\"},\"Action\":\"sts:AssumeRole\"}]}",
            "create_date": "2020-06-17T06:26:24Z",
            "description": "Allows access to other AWS service resources that are required to operate clusters managed by EKS.",
            "id": "EKSWorkerNodeRole",
            "max_session_duration": 3600,
            "name": "EKSWorkerNodeRole",
            "path": "/",
            "permissions_boundary": "",
            "tags": {},
            "unique_id": "AROAQEZ6YDM7IPE7NGMHC"
          },
          "sensitive_attributes": []
        }
      ]
    },
    {
      "mode": "data",
      "type": "aws_iam_role",
      "name": "eksRole",
      "provider": "provider[\"registry.terraform.io/hashicorp/aws\"]",
      "instances": [
        {
          "schema_version": 0,
          "attributes": {
            "arn": "arn:aws:iam::010332150590:role/EKSClusterRole",
            "assume_role_policy": "{\"Version\":\"2012-10-17\",\"Statement\":[{\"Effect\":\"Allow\",\"Principal\":{\"Service\":\"eks.amazonaws.com\"},\"Action\":\"sts:AssumeRole\"}]}",
            "create_date": "2020-06-17T05:06:58Z",
            "description": "Allows access to other AWS service resources that are required to operate clusters managed by EKS.",
            "id": "EKSClusterRole",
            "max_session_duration": 3600,
            "name": "EKSClusterRole",
            "path": "/",
            "permissions_boundary": "",
            "tags": {},
            "unique_id": "AROAQEZ6YDM7CWIQQA6OE"
          },
          "sensitive_attributes": []
        }
      ]
    },
    {
      "module": "module.eksCluster",
      "mode": "data",
      "type": "aws_eks_cluster_auth",
      "name": "cluster_auth",
      "provider": "provider[\"registry.terraform.io/hashicorp/aws\"]",
      "instances": [
        {
          "schema_version": 0,
          "attributes": {
            "id": "eks-RISE-SANDBOX",
            "name": "eks-RISE-SANDBOX",
            "token": "k8s-aws-v1.aHR0cHM6Ly9zdHMuYW1hem9uYXdzLmNvbS8_QWN0aW9uPUdldENhbGxlcklkZW50aXR5JlZlcnNpb249MjAxMS0wNi0xNSZYLUFtei1BbGdvcml0aG09QVdTNC1ITUFDLVNIQTI1NiZYLUFtei1DcmVkZW50aWFsPUFTSUFRRVo2WURNN05ONDVCTDVSJTJGMjAyMTA0MjQlMkZ1cy1lYXN0LTElMkZzdHMlMkZhd3M0X3JlcXVlc3QmWC1BbXotRGF0ZT0yMDIxMDQyNFQyMjU3MDBaJlgtQW16LUV4cGlyZXM9MCZYLUFtei1TZWN1cml0eS1Ub2tlbj1Gd29HWlhJdllYZHpFS0QlMkYlMkYlMkYlMkYlMkYlMkYlMkYlMkYlMkYlMkZ3RWFERXlLOEM4OEhFTXB6OURsSnlLckFvT3NsdFk0JTJCMFFqd0ZCeGNJV1glMkJJQlVLcUdBNEd0R3pQd0htclF0eWo2Szl1NGtWQXFkcEN5bU5MNm52SnByeVhJQlVXSFBsYU8zdmNkYnU4d0hPZm50bklLT20xQ3o3eWc3WnklMkJpMkJSbTR3TzJqZzVVbFFrTXlPY3VYUlpoSkIxJTJGeWpJZHRaRGpvanVoR2NVMlBjbG1qbElKME1SNXV5ZDA0U1RsS1ZXN0VOM1R5MW1ZTnZlSnZNT3NkWkNmYW02RlFHY1FJZDliQWpUM2Nmak8wb3Qwa0tMTnZkYW5rVXJ5Z1REQ3lDNE5xJTJGYyUyRjAlMkZSMDBxMU0lMkJuVVdtRTZQclc1Q3BnbDFVa0Q4aTkwYTl0b1ZmVjFaUVprdzJGM0JkaHU1TDdpVUhmZnlWbnBYQTRrWVRKbWlQbWYwJTJGSXJhJTJCZmdiVms4cFhkRDEyWnlIVVEzcFh0MndxJTJCNk9MbU04TE5GTmYyVTN4WGl6OFk3bUdzcEdIeCUyQnRLdDIlMkI2aTJrbWpGamFabHpyVlQlMkZEU2JiS051c2tvUUdNaW9nTWUzblBteGZ2d2JDR1RkVXFrRWJXVkdhUU84ZzRncyUyQjFOSEJZa21pN2FKYWpGSyUyRjZSelZQU0ElM0QmWC1BbXotU2lnbmVkSGVhZGVycz1ob3N0JTNCeC1rOHMtYXdzLWlkJlgtQW16LVNpZ25hdHVyZT1lOTAwZmRlMDk2NzMxMTZjYmU1NjZiNmRhMWI0YWUxZmFkMjM2NTdhZjNmMGNjYWIyYzIyZmFiZDAxOTQwNGU5"
          },
          "sensitive_attributes": []
        }
      ]
    },
    {
      "module": "module.eksCluster",
      "mode": "managed",
      "type": "aws_eks_cluster",
      "name": "devCluster",
      "provider": "provider[\"registry.terraform.io/hashicorp/aws\"]",
      "instances": [
        {
          "schema_version": 0,
          "attributes": {
            "arn": "arn:aws:eks:us-west-2:010332150590:cluster/eks-RISE-SANDBOX",
            "certificate_authority": [
              {
                "data": "LS0tLS1CRUdJTiBDRVJUSUZJQ0FURS0tLS0tCk1JSUN5RENDQWJDZ0F3SUJBZ0lCQURBTkJna3Foa2lHOXcwQkFRc0ZBREFWTVJNd0VRWURWUVFERXdwcmRXSmwKY201bGRHVnpNQjRYRFRJeE1EUXlOREl6TURNME5sb1hEVE14TURReU1qSXpNRE0wTmxvd0ZURVRNQkVHQTFVRQpBeE1LYTNWaVpYSnVaWFJsY3pDQ0FTSXdEUVlKS29aSWh2Y05BUUVCQlFBRGdnRVBBRENDQVFvQ2dnRUJBT0t2Cm5oRmZCeTNOVUx0R1U0Ky9FTUZLMFExVGN5YWk3NlluYkl3ZnVBZURTZ0N5ck9iMDh2ZXp5M3RkMDNNcW1ic2QKM2FhWGpVWWEzdTF3NUZtOU5ZQUtVcDdjU3R3bUM2a3dtbGdHMVNpVlRWOGhIeVpIN3Aybk5TeXNla2pQc3h4NQpFOXlnV1k0N3ZIT01QWUhENGMza1JXMk5LbzZ5R3RVcWIycnBlcUZ6akR2eTlRbnEyc0xYRU9sZUNUM214RG5qClNnQytobG9LS0dzTFQySGJ3Z2x0UzB2blZGOTNlVitpUk5ESW9sZFhOU3RaMTZsVnlPcmNxa0NMUUd3OGx6dVcKdTlCdVJpZnZGMWk1dUk1anFTaUlseExxelF2WFA1NWpsWm82emJwcWN6SHJrWk5sQzBXMy9xN3REZ2ZlRnZseAo2N3M0Q0NHcWxKKzJXS3Vib2dNQ0F3RUFBYU1qTUNFd0RnWURWUjBQQVFIL0JBUURBZ0trTUE4R0ExVWRFd0VCCi93UUZNQU1CQWY4d0RRWUpLb1pJaHZjTkFRRUxCUUFEZ2dFQkFEUjdXRVlFWmszQk02VXRpY1NBZ2tSU2Q0T2UKaGVtZmowaUtkN1luTm9TTHBtanN4Q2xIV0gzRnpTQ3RoZVVyd1UrTnpabUM3RGx5cEJlWXlnTzBSbDZLaE9BOApoQlBMMXAvRU10UTY2bTNIR0hscTNROXpqaFZISUVqb01uaGY2ZSt5RHNPbHVsdWpUanVQLzA4QnhXVDN2ZmpRCnd2Y2ZCaHdKd25kblBRUWlNRTdaQS9xdERiTXF1YXVWV1U3a2JOWmdnQXM1MzdPMjVBVnBOeUhJaWlJa1p4Rm0KRGorSU5UTEk5TXl0bmVGS0poWXg2WmtMbzRaQU9RUkxYbXQyMWJ1aHpUQytwUnYxY01DM0N2UkxzZjN5QW9QSwpDeGdhMG5vS0lxUTFFTmJESUlZSjFXNU93N0xFRS9hY0NUY3RBVnl5ZEZJUXFtZFA2azdSZWNMTmt1ST0KLS0tLS1FTkQgQ0VSVElGSUNBVEUtLS0tLQo="
              }
            ],
            "created_at": "2021-04-24 22:57:12.408 +0000 UTC",
            "enabled_cluster_log_types": [
              "api",
              "audit",
              "authenticator",
              "controllerManager",
              "scheduler"
            ],
            "encryption_config": [],
            "endpoint": "https://3001583FC2A9D6DC944DBEFBCAAAFDA9.gr7.us-west-2.eks.amazonaws.com",
            "id": "eks-RISE-SANDBOX",
            "identity": [
              {
                "oidc": [
                  {
                    "issuer": "https://oidc.eks.us-west-2.amazonaws.com/id/3001583FC2A9D6DC944DBEFBCAAAFDA9"
                  }
                ]
              }
            ],
            "kubernetes_network_config": [
              {
                "service_ipv4_cidr": "172.20.0.0/16"
              }
            ],
            "name": "eks-RISE-SANDBOX",
            "platform_version": "eks.5",
            "role_arn": "arn:aws:iam::010332150590:role/EKSClusterRole",
            "status": "ACTIVE",
            "tags": {
              "environment": "Development",
              "source": "Terraform"
            },
            "timeouts": {
              "create": null,
              "delete": null,
              "update": null
            },
            "version": "1.18",
            "vpc_config": [
              {
                "cluster_security_group_id": "sg-004d725433e86824b",
                "endpoint_private_access": true,
                "endpoint_public_access": true,
                "public_access_cidrs": [
                  "0.0.0.0/0"
                ],
                "security_group_ids": [
                  "sg-0aeb093fab936e506"
                ],
                "subnet_ids": [
                  "subnet-01c83fccd1a8250cc",
                  "subnet-063aa9eecbffda074"
                ],
                "vpc_id": "vpc-0a78413f77b2590b8"
              }
            ]
          },
          "sensitive_attributes": [],
          "private": "eyJlMmJmYjczMC1lY2FhLTExZTYtOGY4OC0zNDM2M2JjN2M0YzAiOnsiY3JlYXRlIjoxODAwMDAwMDAwMDAwLCJkZWxldGUiOjkwMDAwMDAwMDAwMCwidXBkYXRlIjozNjAwMDAwMDAwMDAwfX0=",
          "dependencies": [
            "data.aws_iam_role.eksRole",
            "module.securityGroup.aws_security_group.eksClusterSecurityGroup"
          ]
        }
      ]
    },
    {
      "module": "module.eksCluster",
      "mode": "managed",
      "type": "kubernetes_config_map",
      "name": "aws_auth_configmap",
      "provider": "module.eksCluster.provider[\"registry.terraform.io/hashicorp/kubernetes\"]",
      "instances": [
        {
          "schema_version": 0,
          "attributes": {
            "binary_data": null,
            "data": null,
            "id": "kube-system/aws-auth",
            "metadata": [
              {
                "annotations": null,
                "generate_name": "",
                "generation": 0,
                "labels": null,
                "name": "aws-auth",
                "namespace": "kube-system",
                "resource_version": "1035",
                "self_link": "",
                "uid": "d3b760da-f51a-4f7d-91cc-172f17433b37"
              }
            ]
          },
          "sensitive_attributes": [],
          "private": "bnVsbA==",
          "dependencies": [
            "data.aws_iam_role.eksRole",
            "module.eksCluster.aws_eks_cluster.devCluster",
            "module.eksCluster.data.aws_eks_cluster_auth.cluster_auth",
            "module.securityGroup.aws_security_group.eksClusterSecurityGroup"
          ]
        }
      ]
    },
    {
      "module": "module.nodeGroup1",
      "mode": "data",
      "type": "aws_iam_role",
      "name": "serviceLinkedRole",
      "provider": "provider[\"registry.terraform.io/hashicorp/aws\"]",
      "instances": [
        {
          "schema_version": 0,
          "attributes": {
            "arn": "arn:aws:iam::010332150590:role/aws-service-role/autoscaling.amazonaws.com/AWSServiceRoleForAutoScaling",
            "assume_role_policy": "{\"Version\":\"2012-10-17\",\"Statement\":[{\"Effect\":\"Allow\",\"Principal\":{\"Service\":\"autoscaling.amazonaws.com\"},\"Action\":\"sts:AssumeRole\"}]}",
            "create_date": "2020-06-17T06:48:51Z",
            "description": "Default Service-Linked Role enables access to AWS Services and Resources used or managed by Auto Scaling",
            "id": "AWSServiceRoleForAutoScaling",
            "max_session_duration": 3600,
            "name": "AWSServiceRoleForAutoScaling",
            "path": "/aws-service-role/autoscaling.amazonaws.com/",
            "permissions_boundary": "",
            "tags": {},
            "unique_id": "AROAQEZ6YDM7MY6TYERA7"
          },
          "sensitive_attributes": []
        }
      ]
    },
    {
      "module": "module.nodeGroup1",
      "mode": "managed",
      "type": "aws_autoscaling_group",
      "name": "eksAutoScaling",
      "provider": "provider[\"registry.terraform.io/hashicorp/aws\"]",
      "instances": [
        {
          "schema_version": 0,
          "attributes": {
            "arn": "arn:aws:autoscaling:us-west-2:010332150590:autoScalingGroup:cc419ac1-52f5-42e3-b04e-97bf45b1eb4d:autoScalingGroupName/eks-spot-instance-autoscaling",
            "availability_zones": [
              "us-west-2a",
              "us-west-2b"
            ],
            "capacity_rebalance": false,
            "default_cooldown": 300,
            "desired_capacity": 2,
            "enabled_metrics": null,
            "force_delete": false,
            "health_check_grace_period": 15,
            "health_check_type": "EC2",
            "id": "eks-spot-instance-autoscaling",
            "initial_lifecycle_hook": [],
            "instance_refresh": [],
            "launch_configuration": "",
            "launch_template": [],
            "load_balancers": null,
            "max_instance_lifetime": 0,
            "max_size": 5,
            "metrics_granularity": "1Minute",
            "min_elb_capacity": null,
            "min_size": 2,
            "mixed_instances_policy": [
              {
                "instances_distribution": [
                  {
                    "on_demand_allocation_strategy": "prioritized",
                    "on_demand_base_capacity": 0,
                    "on_demand_percentage_above_base_capacity": 0,
                    "spot_allocation_strategy": "capacity-optimized",
                    "spot_instance_pools": 0,
                    "spot_max_price": ""
                  }
                ],
                "launch_template": [
                  {
                    "launch_template_specification": [
                      {
                        "launch_template_id": "lt-075ec642bde96d062",
                        "launch_template_name": "eks-spotinstance",
                        "version": "1"
                      }
                    ],
                    "override": [
                      {
                        "instance_type": "t3.medium",
                        "launch_template_specification": [],
                        "weighted_capacity": ""
                      }
                    ]
                  }
                ]
              }
            ],
            "name": "eks-spot-instance-autoscaling",
            "name_prefix": null,
            "placement_group": "",
            "protect_from_scale_in": false,
            "service_linked_role_arn": "arn:aws:iam::010332150590:role/aws-service-role/autoscaling.amazonaws.com/AWSServiceRoleForAutoScaling",
            "suspended_processes": null,
            "tag": [
              {
                "key": "eks:cluster-name",
                "propagate_at_launch": true,
                "value": "eks-infra-cluster"
              },
              {
                "key": "eks:nodegroup-name",
                "propagate_at_launch": true,
                "value": "worker-nodes"
              },
              {
                "key": "k8s.io/cluster-autoscaler/eks-infra-cluster",
                "propagate_at_launch": true,
                "value": "owned"
              },
              {
                "key": "k8s.io/cluster-autoscaler/enabled",
                "propagate_at_launch": true,
                "value": "true"
              },
              {
                "key": "kubernetes.io/cluster/eks-infra-cluster",
                "propagate_at_launch": true,
                "value": "owned"
              },
              {
                "key": "kubernetes.io/devCluster/eks-RISE-SANDBOX",
                "propagate_at_launch": true,
                "value": "owned"
              }
            ],
            "tags": null,
            "target_group_arns": null,
            "termination_policies": [
              "AllocationStrategy",
              "OldestLaunchTemplate",
              "OldestInstance"
            ],
            "timeouts": {
              "delete": null
            },
            "vpc_zone_identifier": [
              "subnet-01c83fccd1a8250cc",
              "subnet-063aa9eecbffda074"
            ],
            "wait_for_capacity_timeout": "10m",
            "wait_for_elb_capacity": null
          },
          "sensitive_attributes": [],
          "private": "eyJlMmJmYjczMC1lY2FhLTExZTYtOGY4OC0zNDM2M2JjN2M0YzAiOnsiZGVsZXRlIjo2MDAwMDAwMDAwMDB9fQ==",
          "dependencies": [
            "data.aws_iam_role.eksRole",
            "module.eksCluster.aws_eks_cluster.devCluster",
            "module.nodeGroup1.aws_launch_template.nodeLaunchTemplate",
            "module.nodeGroup1.data.aws_iam_role.serviceLinkedRole",
            "module.securityGroup.aws_security_group.eksClusterSecurityGroup"
          ]
        }
      ]
    },
    {
      "module": "module.nodeGroup1",
      "mode": "managed",
      "type": "aws_eks_node_group",
      "name": "nodegrp1",
      "provider": "provider[\"registry.terraform.io/hashicorp/aws\"]",
      "instances": [
        {
          "status": "tainted",
          "schema_version": 0,
          "attributes": {
            "ami_type": null,
            "arn": null,
            "capacity_type": "SPOT",
            "cluster_name": "eks-RISE-SANDBOX",
            "disk_size": null,
            "force_update_version": null,
            "id": "eks-RISE-SANDBOX:nodegrp1",
            "instance_types": null,
            "labels": null,
            "launch_template": [
              {
                "id": "lt-075ec642bde96d062",
                "name": "",
                "version": "1"
              }
            ],
            "node_group_name": "nodegrp1",
            "node_role_arn": "arn:aws:iam::010332150590:role/EKSWorkerNodeRole",
            "release_version": null,
            "remote_access": [],
            "resources": null,
            "scaling_config": [
              {
                "desired_size": 2,
                "max_size": 3,
                "min_size": 1
              }
            ],
            "status": null,
            "subnet_ids": [
              "subnet-01c83fccd1a8250cc",
              "subnet-063aa9eecbffda074"
            ],
            "tags": null,
            "timeouts": null,
            "version": null
          },
          "sensitive_attributes": [],
          "private": "eyJlMmJmYjczMC1lY2FhLTExZTYtOGY4OC0zNDM2M2JjN2M0YzAiOnsiY3JlYXRlIjozNjAwMDAwMDAwMDAwLCJkZWxldGUiOjM2MDAwMDAwMDAwMDAsInVwZGF0ZSI6MzYwMDAwMDAwMDAwMH19",
          "dependencies": [
            "data.aws_iam_role.eksNodeRole",
            "data.aws_iam_role.eksRole",
            "module.eksCluster.aws_eks_cluster.devCluster",
            "module.nodeGroup1.aws_launch_template.nodeLaunchTemplate",
            "module.securityGroup.aws_security_group.eksClusterSecurityGroup"
          ]
        }
      ]
    },
    {
      "module": "module.nodeGroup1",
      "mode": "managed",
      "type": "aws_launch_template",
      "name": "nodeLaunchTemplate",
      "provider": "provider[\"registry.terraform.io/hashicorp/aws\"]",
      "instances": [
        {
          "schema_version": 0,
          "attributes": {
            "arn": "arn:aws:ec2:us-west-2:010332150590:launch-template/lt-075ec642bde96d062",
            "block_device_mappings": [
              {
                "device_name": "/dev/xvda",
                "ebs": [
                  {
                    "delete_on_termination": "true",
                    "encrypted": "",
                    "iops": 0,
                    "kms_key_id": "",
                    "snapshot_id": "",
                    "throughput": 0,
                    "volume_size": 20,
                    "volume_type": "gp2"
                  }
                ],
                "no_device": "",
                "virtual_name": ""
              }
            ],
            "capacity_reservation_specification": [],
            "cpu_options": [],
            "credit_specification": [],
            "default_version": 1,
            "description": "",
            "disable_api_termination": false,
            "ebs_optimized": "",
            "elastic_gpu_specifications": [],
            "elastic_inference_accelerator": [],
            "enclave_options": [],
            "hibernation_options": [],
            "iam_instance_profile": [],
            "id": "lt-075ec642bde96d062",
            "image_id": "ami-03e7c8bcb768c2ada",
            "instance_initiated_shutdown_behavior": "",
            "instance_market_options": [],
            "instance_type": "t3.medium",
            "kernel_id": "",
            "key_name": "EKS-RISE-SANDBOX",
            "latest_version": 1,
            "license_specification": [],
            "metadata_options": [
              {
                "http_endpoint": "enabled",
                "http_put_response_hop_limit": 2,
                "http_tokens": ""
              }
            ],
            "monitoring": [],
            "name": "eks-spotinstance",
            "name_prefix": null,
            "network_interfaces": [],
            "placement": [],
            "ram_disk_id": "",
            "security_group_names": null,
            "tag_specifications": [],
            "tags": {
              "environment": "Development",
              "source": "Terraform"
            },
            "update_default_version": null,
            "user_data": "IyEvYmluL2Jhc2gKc2V0IC1vIHh0cmFjZQovZXRjL2Vrcy9ib290c3RyYXAuc2ggLS1hcGlzZXJ2ZXItZW5kcG9pbnQgJ2h0dHBzOi8vMzAwMTU4M0ZDMkE5RDZEQzk0NERCRUZCQ0FBQUZEQTkuZ3I3LnVzLXdlc3QtMi5la3MuYW1hem9uYXdzLmNvbScgLS1iNjQtY2x1c3Rlci1jYSAnTFMwdExTMUNSVWRKVGlCRFJWSlVTVVpKUTBGVVJTMHRMUzB0Q2sxSlNVTjVSRU5EUVdKRFowRjNTVUpCWjBsQ1FVUkJUa0puYTNGb2EybEhPWGN3UWtGUmMwWkJSRUZXVFZKTmQwVlJXVVJXVVZGRVJYZHdjbVJYU213S1kyMDFiR1JIVm5wTlFqUllSRlJKZUUxRVVYbE9SRWw2VFVSTk1FNXNiMWhFVkUxNFRVUlJlVTFxU1hwTlJFMHdUbXh2ZDBaVVJWUk5Ra1ZIUVRGVlJRcEJlRTFMWVROV2FWcFlTblZhV0ZKc1kzcERRMEZUU1hkRVVWbEtTMjlhU1doMlkwNUJVVVZDUWxGQlJHZG5SVkJCUkVORFFWRnZRMmRuUlVKQlQwdDJDbTVvUm1aQ2VUTk9WVXgwUjFVMEt5OUZUVVpMTUZFeFZHTjVZV2szTmxsdVlrbDNablZCWlVSVFowTjVjazlpTURoMlpYcDVNM1JrTUROTmNXMWljMlFLTTJGaFdHcFZXV0V6ZFRGM05VWnRPVTVaUVV0VmNEZGpVM1IzYlVNMmEzZHRiR2RITVZOcFZsUldPR2hJZVZwSU4zQXliazVUZVhObGEycFFjM2g0TlFwRk9YbG5WMWswTjNaSVQwMVFXVWhFTkdNemExSlhNazVMYnpaNVIzUlZjV0l5Y25CbGNVWjZha1IyZVRsUmJuRXljMHhZUlU5c1pVTlVNMjE0Ukc1cUNsTm5ReXRvYkc5TFMwZHpURlF5U0dKM1oyeDBVekIyYmxaR09UTmxWaXRwVWs1RVNXOXNaRmhPVTNSYU1UWnNWbmxQY21OeGEwTk1VVWQzT0d4NmRWY0tkVGxDZFZKcFpuWkdNV2sxZFVrMWFuRlRhVWxzZUV4eGVsRjJXRkExTldwc1dtODJlbUp3Y1dONlNISnJXazVzUXpCWE15OXhOM1JFWjJabFJuWnNlQW8yTjNNMFEwTkhjV3hLS3pKWFMzVmliMmROUTBGM1JVRkJZVTFxVFVORmQwUm5XVVJXVWpCUVFWRklMMEpCVVVSQlowdHJUVUU0UjBFeFZXUkZkMFZDQ2k5M1VVWk5RVTFDUVdZNGQwUlJXVXBMYjFwSmFIWmpUa0ZSUlV4Q1VVRkVaMmRGUWtGRVVqZFhSVmxGV21zelFrMDJWWFJwWTFOQloydFNVMlEwVDJVS2FHVnRabW93YVV0a04xbHVUbTlUVEhCdGFuTjRRMnhJVjBnelJucFRRM1JvWlZWeWQxVXJUbnBhYlVNM1JHeDVjRUpsV1hsblR6QlNiRFpMYUU5Qk9BcG9RbEJNTVhBdlJVMTBVVFkyYlROSVIwaHNjVE5ST1hwcWFGWklTVVZxYjAxdWFHWTJaU3Q1UkhOUGJIVnNkV3BVYW5WUUx6QTRRbmhYVkROMlptcFJDbmQyWTJaQ2FIZEtkMjVrYmxCUlVXbE5SVGRhUVM5eGRFUmlUWEYxWVhWV1YxVTNhMkpPV21kblFYTTFNemRQTWpWQlZuQk9lVWhKYVdsSmExcDRSbTBLUkdvclNVNVVURWs1VFhsMGJtVkdTMHBvV1hnMldtdE1ielJhUVU5UlVreFliWFF5TVdKMWFIcFVReXR3VW5ZeFkwMURNME4yVWt4elpqTjVRVzlRU3dwRGVHZGhNRzV2UzBseFVURkZUbUpFU1VsWlNqRlhOVTkzTjB4RlJTOWhZME5VWTNSQlZubDVaRVpKVVhGdFpGQTJhemRTWldOTVRtdDFTVDBLTFMwdExTMUZUa1FnUTBWU1ZFbEdTVU5CVkVVdExTMHRMUW89JyAnZWtzLVJJU0UtU0FOREJPWCcK",
            "vpc_security_group_ids": [
              "sg-0aeb093fab936e506"
            ]
          },
          "sensitive_attributes": [],
          "private": "bnVsbA==",
          "dependencies": [
            "data.aws_iam_role.eksRole",
            "module.eksCluster.aws_eks_cluster.devCluster",
            "module.securityGroup.aws_security_group.eksClusterSecurityGroup"
          ]
        }
      ]
    },
    {
      "module": "module.securityGroup",
      "mode": "managed",
      "type": "aws_security_group",
      "name": "eksClusterSecurityGroup",
      "provider": "provider[\"registry.terraform.io/hashicorp/aws\"]",
      "instances": [
        {
          "schema_version": 1,
          "attributes": {
            "arn": "arn:aws:ec2:us-west-2:010332150590:security-group/sg-0aeb093fab936e506",
            "description": "Managed by Terraform",
            "egress": [
              {
                "cidr_blocks": [
                  "0.0.0.0/0"
                ],
                "description": "",
                "from_port": 0,
                "ipv6_cidr_blocks": [],
                "prefix_list_ids": [],
                "protocol": "-1",
                "security_groups": [],
                "self": false,
                "to_port": 0
              }
            ],
            "id": "sg-0aeb093fab936e506",
            "ingress": [
              {
                "cidr_blocks": [
                  "0.0.0.0/0"
                ],
                "description": "",
                "from_port": 0,
                "ipv6_cidr_blocks": [],
                "prefix_list_ids": [],
                "protocol": "tcp",
                "security_groups": [],
                "self": false,
                "to_port": 65535
              }
            ],
            "name": "clusterSecurityGroup",
            "name_prefix": "",
            "owner_id": "010332150590",
            "revoke_rules_on_delete": false,
            "tags": {
              "environment": "Development",
              "source": "Terraform"
            },
            "timeouts": null,
            "vpc_id": "vpc-0a78413f77b2590b8"
          },
          "sensitive_attributes": [],
          "private": "eyJlMmJmYjczMC1lY2FhLTExZTYtOGY4OC0zNDM2M2JjN2M0YzAiOnsiY3JlYXRlIjo2MDAwMDAwMDAwMDAsImRlbGV0ZSI6NjAwMDAwMDAwMDAwfSwic2NoZW1hX3ZlcnNpb24iOiIxIn0="
        }
      ]
    }
  ]
}
